
Microsoft Visual Studio Solution File, Format Version 12.00
# Visual Studio Version 16
VisualStudioVersion = 16.0.33529.622
MinimumVisualStudioVersion = 10.0.40219.1
Project("{FAE04EC0-301F-11D3-BF4B-00C04F79EFBC}") = "01. Number Pyramid", "01. Number Pyramid\01. Number Pyramid.csproj", "{5476D100-7A92-49F2-AAB3-727CBE95ED4B}"
EndProject
Project("{FAE04EC0-301F-11D3-BF4B-00C04F79EFBC}") = "02. Equal Sums Even Odd Position", "02. Equal Sums Even Odd Position\02. Equal Sums Even Odd Position.csproj", "{9B07C2AD-5539-4A90-A88D-7E4132907150}"
EndProject
Project("{FAE04EC0-301F-11D3-BF4B-00C04F79EFBC}") = "03. Sum Prime Non Prime", "03. Sum Prime Non Prime\03. Sum Prime Non Prime.csproj", "{EAC5B6D4-7D18-483D-8D7E-49A8FEA69AB4}"
EndProject
Project("{FAE04EC0-301F-11D3-BF4B-00C04F79EFBC}") = "04. Train The Trainers", "04. Train The Trainers\04. Train The Trainers.csproj", "{7D1AA0E5-6B1F-4D4F-A2A5-F40D195D2E44}"
EndProject
Project("{FAE04EC0-301F-11D3-BF4B-00C04F79EFBC}") = "05. Special Numbers", "05. Special Numbers\05. Special Numbers.csproj", "{35F22549-943B-4E94-9078-B6E60259C549}"
EndProject
Project("{FAE04EC0-301F-11D3-BF4B-00C04F79EFBC}") = "06. Cinema Tickets", "06. Cinema Tickets\06. Cinema Tickets.csproj", "{003AA146-80EB-463E-A731-C7739AE54A90}"
EndProject
Global
	GlobalSection(SolutionConfigurationPlatforms) = preSolution
		Debug|Any CPU = Debug|Any CPU
		Release|Any CPU = Release|Any CPU
	EndGlobalSection
	GlobalSection(ProjectConfigurationPlatforms) = postSolution
		{5476D100-7A92-49F2-AAB3-727CBE95ED4B}.Debug|Any CPU.ActiveCfg = Debug|Any CPU
		{5476D100-7A92-49F2-AAB3-727CBE95ED4B}.Debug|Any CPU.Build.0 = Debug|Any CPU
		{5476D100-7A92-49F2-AAB3-727CBE95ED4B}.Release|Any CPU.ActiveCfg = Release|Any CPU
		{5476D100-7A92-49F2-AAB3-727CBE95ED4B}.Release|Any CPU.Build.0 = Release|Any CPU
		{9B07C2AD-5539-4A90-A88D-7E4132907150}.Debug|Any CPU.ActiveCfg = Debug|Any CPU
		{9B07C2AD-5539-4A90-A88D-7E4132907150}.Debug|Any CPU.Build.0 = Debug|Any CPU
		{9B07C2AD-5539-4A90-A88D-7E4132907150}.Release|Any CPU.ActiveCfg = Release|Any CPU
		{9B07C2AD-5539-4A90-A88D-7E4132907150}.Release|Any CPU.Build.0 = Release|Any CPU
		{EAC5B6D4-7D18-483D-8D7E-49A8FEA69AB4}.Debug|Any CPU.ActiveCfg = Debug|Any CPU
		{EAC5B6D4-7D18-483D-8D7E-49A8FEA69AB4}.Debug|Any CPU.Build.0 = Debug|Any CPU
		{EAC5B6D4-7D18-483D-8D7E-49A8FEA69AB4}.Release|Any CPU.ActiveCfg = Release|Any CPU
		{EAC5B6D4-7D18-483D-8D7E-49A8FEA69AB4}.Release|Any CPU.Build.0 = Release|Any CPU
		{7D1AA0E5-6B1F-4D4F-A2A5-F40D195D2E44}.Debug|Any CPU.ActiveCfg = Debug|Any CPU
		{7D1AA0E5-6B1F-4D4F-A2A5-F40D195D2E44}.Debug|Any CPU.Build.0 = Debug|Any CPU
		{7D1AA0E5-6B1F-4D4F-A2A5-F40D195D2E44}.Release|Any CPU.ActiveCfg = Release|Any CPU
		{7D1AA0E5-6B1F-4D4F-A2A5-F40D195D2E44}.Release|Any CPU.Build.0 = Release|Any CPU
		{35F22549-943B-4E94-9078-B6E60259C549}.Debug|Any CPU.ActiveCfg = Debug|Any CPU
		{35F22549-943B-4E94-9078-B6E60259C549}.Debug|Any CPU.Build.0 = Debug|Any CPU
		{35F22549-943B-4E94-9078-B6E60259C549}.Release|Any CPU.ActiveCfg = Release|Any CPU
		{35F22549-943B-4E94-9078-B6E60259C549}.Release|Any CPU.Build.0 = Release|Any CPU
		{003AA146-80EB-463E-A731-C7739AE54A90}.Debug|Any CPU.ActiveCfg = Debug|Any CPU
		{003AA146-80EB-463E-A731-C7739AE54A90}.Debug|Any CPU.Build.0 = Debug|Any CPU
		{003AA146-80EB-463E-A731-C7739AE54A90}.Release|Any CPU.ActiveCfg = Release|Any CPU
		{003AA146-80EB-463E-A731-C7739AE54A90}.Release|Any CPU.Build.0 = Release|Any CPU
	EndGlobalSection
	GlobalSection(SolutionProperties) = preSolution
		HideSolutionNode = FALSE
	EndGlobalSection
	GlobalSection(ExtensibilityGlobals) = postSolution
		SolutionGuid = {72446544-82C6-43D0-89A9-315016FCC740}
	EndGlobalSection
EndGlobal
