
Microsoft Visual Studio Solution File, Format Version 12.00
# Visual Studio Version 16
VisualStudioVersion = 16.0.33529.622
MinimumVisualStudioVersion = 10.0.40219.1
Project("{FAE04EC0-301F-11D3-BF4B-00C04F79EFBC}") = "01. USD to BGN", "01. USD to BGN\01. USD to BGN.csproj", "{AC8F9311-8FFC-4C2F-9525-E40F90136AE1}"
EndProject
Project("{FAE04EC0-301F-11D3-BF4B-00C04F79EFBC}") = "02. Radians to Degrees", "02. Radians to Degrees\02. Radians to Degrees.csproj", "{48B369B8-4A2C-4D58-B9C8-3EB598FA756C}"
EndProject
Project("{FAE04EC0-301F-11D3-BF4B-00C04F79EFBC}") = "03. Deposit Calculator", "03. Deposit Calculator\03. Deposit Calculator.csproj", "{9D818C41-9012-41ED-B4F3-BCA4B59DE385}"
EndProject
Project("{FAE04EC0-301F-11D3-BF4B-00C04F79EFBC}") = "04. Vacation Books List", "04. Vacation Books List\04. Vacation Books List.csproj", "{568A0901-713D-43B5-9785-CDB80D291D0F}"
EndProject
Project("{FAE04EC0-301F-11D3-BF4B-00C04F79EFBC}") = "05. Supplies for School", "05. Supplies for School\05. Supplies for School.csproj", "{A8DD0186-CC24-4D2A-A16E-8AC1288128B8}"
EndProject
Project("{FAE04EC0-301F-11D3-BF4B-00C04F79EFBC}") = "06. Repainting", "06. Repainting\06. Repainting.csproj", "{A9EEB7EA-3C67-4471-99A2-B5430ABA89E4}"
EndProject
Project("{FAE04EC0-301F-11D3-BF4B-00C04F79EFBC}") = "07. Food Delivery", "07. Food Delivery\07. Food Delivery.csproj", "{13706CF9-1DFE-49A7-B374-14F413B5058C}"
EndProject
Project("{FAE04EC0-301F-11D3-BF4B-00C04F79EFBC}") = "08. Basketball Equipment", "08. Basketball Equipment\08. Basketball Equipment.csproj", "{CFE60439-AF84-458D-AC2F-863796580FC8}"
EndProject
Project("{FAE04EC0-301F-11D3-BF4B-00C04F79EFBC}") = "09. Fish Tank", "09. Fish Tank\09. Fish Tank.csproj", "{6A8D60BF-D32E-49A6-B321-82779CDD69E8}"
EndProject
Global
	GlobalSection(SolutionConfigurationPlatforms) = preSolution
		Debug|Any CPU = Debug|Any CPU
		Release|Any CPU = Release|Any CPU
	EndGlobalSection
	GlobalSection(ProjectConfigurationPlatforms) = postSolution
		{AC8F9311-8FFC-4C2F-9525-E40F90136AE1}.Debug|Any CPU.ActiveCfg = Debug|Any CPU
		{AC8F9311-8FFC-4C2F-9525-E40F90136AE1}.Debug|Any CPU.Build.0 = Debug|Any CPU
		{AC8F9311-8FFC-4C2F-9525-E40F90136AE1}.Release|Any CPU.ActiveCfg = Release|Any CPU
		{AC8F9311-8FFC-4C2F-9525-E40F90136AE1}.Release|Any CPU.Build.0 = Release|Any CPU
		{48B369B8-4A2C-4D58-B9C8-3EB598FA756C}.Debug|Any CPU.ActiveCfg = Debug|Any CPU
		{48B369B8-4A2C-4D58-B9C8-3EB598FA756C}.Debug|Any CPU.Build.0 = Debug|Any CPU
		{48B369B8-4A2C-4D58-B9C8-3EB598FA756C}.Release|Any CPU.ActiveCfg = Release|Any CPU
		{48B369B8-4A2C-4D58-B9C8-3EB598FA756C}.Release|Any CPU.Build.0 = Release|Any CPU
		{9D818C41-9012-41ED-B4F3-BCA4B59DE385}.Debug|Any CPU.ActiveCfg = Debug|Any CPU
		{9D818C41-9012-41ED-B4F3-BCA4B59DE385}.Debug|Any CPU.Build.0 = Debug|Any CPU
		{9D818C41-9012-41ED-B4F3-BCA4B59DE385}.Release|Any CPU.ActiveCfg = Release|Any CPU
		{9D818C41-9012-41ED-B4F3-BCA4B59DE385}.Release|Any CPU.Build.0 = Release|Any CPU
		{568A0901-713D-43B5-9785-CDB80D291D0F}.Debug|Any CPU.ActiveCfg = Debug|Any CPU
		{568A0901-713D-43B5-9785-CDB80D291D0F}.Debug|Any CPU.Build.0 = Debug|Any CPU
		{568A0901-713D-43B5-9785-CDB80D291D0F}.Release|Any CPU.ActiveCfg = Release|Any CPU
		{568A0901-713D-43B5-9785-CDB80D291D0F}.Release|Any CPU.Build.0 = Release|Any CPU
		{A8DD0186-CC24-4D2A-A16E-8AC1288128B8}.Debug|Any CPU.ActiveCfg = Debug|Any CPU
		{A8DD0186-CC24-4D2A-A16E-8AC1288128B8}.Debug|Any CPU.Build.0 = Debug|Any CPU
		{A8DD0186-CC24-4D2A-A16E-8AC1288128B8}.Release|Any CPU.ActiveCfg = Release|Any CPU
		{A8DD0186-CC24-4D2A-A16E-8AC1288128B8}.Release|Any CPU.Build.0 = Release|Any CPU
		{A9EEB7EA-3C67-4471-99A2-B5430ABA89E4}.Debug|Any CPU.ActiveCfg = Debug|Any CPU
		{A9EEB7EA-3C67-4471-99A2-B5430ABA89E4}.Debug|Any CPU.Build.0 = Debug|Any CPU
		{A9EEB7EA-3C67-4471-99A2-B5430ABA89E4}.Release|Any CPU.ActiveCfg = Release|Any CPU
		{A9EEB7EA-3C67-4471-99A2-B5430ABA89E4}.Release|Any CPU.Build.0 = Release|Any CPU
		{13706CF9-1DFE-49A7-B374-14F413B5058C}.Debug|Any CPU.ActiveCfg = Debug|Any CPU
		{13706CF9-1DFE-49A7-B374-14F413B5058C}.Debug|Any CPU.Build.0 = Debug|Any CPU
		{13706CF9-1DFE-49A7-B374-14F413B5058C}.Release|Any CPU.ActiveCfg = Release|Any CPU
		{13706CF9-1DFE-49A7-B374-14F413B5058C}.Release|Any CPU.Build.0 = Release|Any CPU
		{CFE60439-AF84-458D-AC2F-863796580FC8}.Debug|Any CPU.ActiveCfg = Debug|Any CPU
		{CFE60439-AF84-458D-AC2F-863796580FC8}.Debug|Any CPU.Build.0 = Debug|Any CPU
		{CFE60439-AF84-458D-AC2F-863796580FC8}.Release|Any CPU.ActiveCfg = Release|Any CPU
		{CFE60439-AF84-458D-AC2F-863796580FC8}.Release|Any CPU.Build.0 = Release|Any CPU
		{6A8D60BF-D32E-49A6-B321-82779CDD69E8}.Debug|Any CPU.ActiveCfg = Debug|Any CPU
		{6A8D60BF-D32E-49A6-B321-82779CDD69E8}.Debug|Any CPU.Build.0 = Debug|Any CPU
		{6A8D60BF-D32E-49A6-B321-82779CDD69E8}.Release|Any CPU.ActiveCfg = Release|Any CPU
		{6A8D60BF-D32E-49A6-B321-82779CDD69E8}.Release|Any CPU.Build.0 = Release|Any CPU
	EndGlobalSection
	GlobalSection(SolutionProperties) = preSolution
		HideSolutionNode = FALSE
	EndGlobalSection
	GlobalSection(ExtensibilityGlobals) = postSolution
		SolutionGuid = {E425ED67-4771-4192-8B71-4436835A3C2B}
	EndGlobalSection
EndGlobal
